
Microsoft Visual Studio Solution File, Format Version 12.00
# Visual Studio Version 16
VisualStudioVersion = 16.0.29215.179
MinimumVisualStudioVersion = 10.0.40219.1
Project("{FAE04EC0-301F-11D3-BF4B-00C04F79EFBC}") = "SwitchProjectConsole", "SwitchProjectConsole\SwitchProjectConsole.csproj", "{CEB12DB0-7CF8-435C-B9B9-FC4FFD360072}"
EndProject
Global
	GlobalSection(SolutionConfigurationPlatforms) = preSolution
		Debug|Any CPU = Debug|Any CPU
		Release|Any CPU = Release|Any CPU
	EndGlobalSection
	GlobalSection(ProjectConfigurationPlatforms) = postSolution
		{CEB12DB0-7CF8-435C-B9B9-FC4FFD360072}.Debug|Any CPU.ActiveCfg = Debug|Any CPU
		{CEB12DB0-7CF8-435C-B9B9-FC4FFD360072}.Debug|Any CPU.Build.0 = Debug|Any CPU
		{CEB12DB0-7CF8-435C-B9B9-FC4FFD360072}.Release|Any CPU.ActiveCfg = Release|Any CPU
		{CEB12DB0-7CF8-435C-B9B9-FC4FFD360072}.Release|Any CPU.Build.0 = Release|Any CPU
	EndGlobalSection
	GlobalSection(SolutionProperties) = preSolution
		HideSolutionNode = FALSE
	EndGlobalSection
	GlobalSection(ExtensibilityGlobals) = postSolution
		SolutionGuid = {F5100B26-06D6-476B-923A-3EE812FBAF83}
	EndGlobalSection
EndGlobal
